k8s.io/api v0.30.0 h1:siWhRq7cNjy2iHssOB9SCGNCl2spiF1dO3dABqZ8niA=
k8s.io/api v0.30.0/go.mod h1:OPlaYhoHs8EQ1ql0R/TsUgaRPhpKNxIMrKQfWUp8QSE=
k8s.io/apimachinery v0.30.0 h1:qxVPsyDM5XS96NIh9Oj6LavoVFYff/Pon9cZeDIkHHA=
k8s.io/apimachinery v0.30.0/go.mod h1:iexa2somDaxdnj7bha06bhb43Zpa6eWH8N8dbqVjTUc=
k8s.io/client-go v0.30.0 h1:sB1AGGlhY/o7KCyCEQ0bPWzYDL0pwOZO4vAtTSh/gJQ=
k8s.io/client-go v0.30.0/go.mod h1:g7li5O5256qe6TYdAMyX/otJqMhIiGgTapdLchhmOaY=
